
Microsoft Visual Studio Solution File, Format Version 12.00
# Visual Studio Version 17
VisualStudioVersion = 17.8.34322.80
MinimumVisualStudioVersion = 10.0.40219.1
Project("{FAE04EC0-301F-11D3-BF4B-00C04F79EFBC}") = "MaestroDetalle", "MaestroDetalle.csproj", "{BAC6418D-258C-4A1A-B903-FBBFAB28C7BF}"
EndProject
Global
	GlobalSection(SolutionConfigurationPlatforms) = preSolution
		Debug|Any CPU = Debug|Any CPU
		Release|Any CPU = Release|Any CPU
	EndGlobalSection
	GlobalSection(ProjectConfigurationPlatforms) = postSolution
		{BAC6418D-258C-4A1A-B903-FBBFAB28C7BF}.Debug|Any CPU.ActiveCfg = Debug|Any CPU
		{BAC6418D-258C-4A1A-B903-FBBFAB28C7BF}.Debug|Any CPU.Build.0 = Debug|Any CPU
		{BAC6418D-258C-4A1A-B903-FBBFAB28C7BF}.Release|Any CPU.ActiveCfg = Release|Any CPU
		{BAC6418D-258C-4A1A-B903-FBBFAB28C7BF}.Release|Any CPU.Build.0 = Release|Any CPU
	EndGlobalSection
	GlobalSection(SolutionProperties) = preSolution
		HideSolutionNode = FALSE
	EndGlobalSection
	GlobalSection(ExtensibilityGlobals) = postSolution
		SolutionGuid = {83038A3A-B4E9-4F60-9E14-9DE57DDE6BDD}
	EndGlobalSection
EndGlobal
